
Microsoft Visual Studio Solution File, Format Version 12.00
# Visual Studio Version 17
VisualStudioVersion = 17.8.34112.27
MinimumVisualStudioVersion = 15.0.26124.0
Project("{9A19103F-16F7-4668-BE54-9A1E7A4F7556}") = "WorldCupScoreboard", "WorldCupScoreboard\WorldCupScoreboard.csproj", "{2C21B7C5-451F-4FAA-A39F-5F4D725A3A6C}"
EndProject
Project("{9A19103F-16F7-4668-BE54-9A1E7A4F7556}") = "WorldCupScoreboard.Tests", "WorldCupScoreboard.Tests\WorldCupScoreboard.Tests.csproj", "{6F74EC7E-366E-4FE9-86DE-6209A33396DC}"
EndProject
Project("{FAE04EC0-301F-11D3-BF4B-00C04F79EFBC}") = "WorldCupScoreboard.Api", "WorldCupScoreboard.Api\WorldCupScoreboard.Api.csproj", "{5579DC12-ABB9-4380-8663-31AFEE013C28}"
EndProject
Global
	GlobalSection(SolutionConfigurationPlatforms) = preSolution
		Debug|Any CPU = Debug|Any CPU
		Debug|x64 = Debug|x64
		Debug|x86 = Debug|x86
		Release|Any CPU = Release|Any CPU
		Release|x64 = Release|x64
		Release|x86 = Release|x86
	EndGlobalSection
	GlobalSection(ProjectConfigurationPlatforms) = postSolution
		{2C21B7C5-451F-4FAA-A39F-5F4D725A3A6C}.Debug|Any CPU.ActiveCfg = Debug|Any CPU
		{2C21B7C5-451F-4FAA-A39F-5F4D725A3A6C}.Debug|Any CPU.Build.0 = Debug|Any CPU
		{2C21B7C5-451F-4FAA-A39F-5F4D725A3A6C}.Debug|x64.ActiveCfg = Debug|Any CPU
		{2C21B7C5-451F-4FAA-A39F-5F4D725A3A6C}.Debug|x64.Build.0 = Debug|Any CPU
		{2C21B7C5-451F-4FAA-A39F-5F4D725A3A6C}.Debug|x86.ActiveCfg = Debug|Any CPU
		{2C21B7C5-451F-4FAA-A39F-5F4D725A3A6C}.Debug|x86.Build.0 = Debug|Any CPU
		{2C21B7C5-451F-4FAA-A39F-5F4D725A3A6C}.Release|Any CPU.ActiveCfg = Release|Any CPU
		{2C21B7C5-451F-4FAA-A39F-5F4D725A3A6C}.Release|Any CPU.Build.0 = Release|Any CPU
		{2C21B7C5-451F-4FAA-A39F-5F4D725A3A6C}.Release|x64.ActiveCfg = Release|Any CPU
		{2C21B7C5-451F-4FAA-A39F-5F4D725A3A6C}.Release|x64.Build.0 = Release|Any CPU
		{2C21B7C5-451F-4FAA-A39F-5F4D725A3A6C}.Release|x86.ActiveCfg = Release|Any CPU
		{2C21B7C5-451F-4FAA-A39F-5F4D725A3A6C}.Release|x86.Build.0 = Release|Any CPU
		{6F74EC7E-366E-4FE9-86DE-6209A33396DC}.Debug|Any CPU.ActiveCfg = Debug|Any CPU
		{6F74EC7E-366E-4FE9-86DE-6209A33396DC}.Debug|Any CPU.Build.0 = Debug|Any CPU
		{6F74EC7E-366E-4FE9-86DE-6209A33396DC}.Debug|x64.ActiveCfg = Debug|Any CPU
		{6F74EC7E-366E-4FE9-86DE-6209A33396DC}.Debug|x64.Build.0 = Debug|Any CPU
		{6F74EC7E-366E-4FE9-86DE-6209A33396DC}.Debug|x86.ActiveCfg = Debug|Any CPU
		{6F74EC7E-366E-4FE9-86DE-6209A33396DC}.Debug|x86.Build.0 = Debug|Any CPU
		{6F74EC7E-366E-4FE9-86DE-6209A33396DC}.Release|Any CPU.ActiveCfg = Release|Any CPU
		{6F74EC7E-366E-4FE9-86DE-6209A33396DC}.Release|Any CPU.Build.0 = Release|Any CPU
		{6F74EC7E-366E-4FE9-86DE-6209A33396DC}.Release|x64.ActiveCfg = Release|Any CPU
		{6F74EC7E-366E-4FE9-86DE-6209A33396DC}.Release|x64.Build.0 = Release|Any CPU
		{6F74EC7E-366E-4FE9-86DE-6209A33396DC}.Release|x86.ActiveCfg = Release|Any CPU
		{6F74EC7E-366E-4FE9-86DE-6209A33396DC}.Release|x86.Build.0 = Release|Any CPU
		{5579DC12-ABB9-4380-8663-31AFEE013C28}.Debug|Any CPU.ActiveCfg = Debug|Any CPU
		{5579DC12-ABB9-4380-8663-31AFEE013C28}.Debug|Any CPU.Build.0 = Debug|Any CPU
		{5579DC12-ABB9-4380-8663-31AFEE013C28}.Debug|x64.ActiveCfg = Debug|Any CPU
		{5579DC12-ABB9-4380-8663-31AFEE013C28}.Debug|x64.Build.0 = Debug|Any CPU
		{5579DC12-ABB9-4380-8663-31AFEE013C28}.Debug|x86.ActiveCfg = Debug|Any CPU
		{5579DC12-ABB9-4380-8663-31AFEE013C28}.Debug|x86.Build.0 = Debug|Any CPU
		{5579DC12-ABB9-4380-8663-31AFEE013C28}.Release|Any CPU.ActiveCfg = Release|Any CPU
		{5579DC12-ABB9-4380-8663-31AFEE013C28}.Release|Any CPU.Build.0 = Release|Any CPU
		{5579DC12-ABB9-4380-8663-31AFEE013C28}.Release|x64.ActiveCfg = Release|Any CPU
		{5579DC12-ABB9-4380-8663-31AFEE013C28}.Release|x64.Build.0 = Release|Any CPU
		{5579DC12-ABB9-4380-8663-31AFEE013C28}.Release|x86.ActiveCfg = Release|Any CPU
		{5579DC12-ABB9-4380-8663-31AFEE013C28}.Release|x86.Build.0 = Release|Any CPU
	EndGlobalSection
	GlobalSection(SolutionProperties) = preSolution
		HideSolutionNode = FALSE
	EndGlobalSection
	GlobalSection(ExtensibilityGlobals) = postSolution
		SolutionGuid = {D08ADFFA-66C1-47CD-A6E6-D16A0794D4AE}
	EndGlobalSection
EndGlobal
